// !$*UTF8*$!
{
	archiveVersion = 1;
	classes = {
	};
	objectVersion = 56;
	objects = {

/* Begin PBXBuildFile section */
		D68C718F3B80F1E22CA15E3E /* Pods_SpotifyClone.framework in Frameworks */ = {isa = PBXBuildFile; fileRef = F8453DE526D149897BDDF54E /* Pods_SpotifyClone.framework */; };
		DA08B0942943C0AB00131B0C /* SettingsModel.swift in Sources */ = {isa = PBXBuildFile; fileRef = DA08B0932943C0AB00131B0C /* SettingsModel.swift */; };
		DA0BFBBE295454EB00018A9F /* PlaybackPresenter.swift in Sources */ = {isa = PBXBuildFile; fileRef = DA0BFBBD295454EB00018A9F /* PlaybackPresenter.swift */; };
		DA10C436295127530012790C /* PlaylistHeaderViewViewModel.swift in Sources */ = {isa = PBXBuildFile; fileRef = DA10C435295127530012790C /* PlaylistHeaderViewViewModel.swift */; };
		DA2CC71E2949DCD100FFC35A /* FeaturedPlaylistCellViewModel.swift in Sources */ = {isa = PBXBuildFile; fileRef = DA2CC71D2949DCD100FFC35A /* FeaturedPlaylistCellViewModel.swift */; };
		DA2CC7202949DD4400FFC35A /* RecommendedTrackCellViewModel.swift in Sources */ = {isa = PBXBuildFile; fileRef = DA2CC71F2949DD4400FFC35A /* RecommendedTrackCellViewModel.swift */; };
		DA2D8DD129486D8D00FB14E5 /* NewReleasesCellViewModel.swift in Sources */ = {isa = PBXBuildFile; fileRef = DA2D8DD029486D8D00FB14E5 /* NewReleasesCellViewModel.swift */; };
		DA5C52352955B00500EE9E6C /* SearchResultDefaultTableViewCell.swift in Sources */ = {isa = PBXBuildFile; fileRef = DA5C52342955B00500EE9E6C /* SearchResultDefaultTableViewCell.swift */; };
		DA5C52372955B41100EE9E6C /* SearchResultDefaultTableViewCellViewModel.swift in Sources */ = {isa = PBXBuildFile; fileRef = DA5C52362955B41100EE9E6C /* SearchResultDefaultTableViewCellViewModel.swift */; };
		DA5C52392955B9D600EE9E6C /* SearchResultSubtitleTableViewCell.swift in Sources */ = {isa = PBXBuildFile; fileRef = DA5C52382955B9D600EE9E6C /* SearchResultSubtitleTableViewCell.swift */; };
		DA5C523B2955BB2000EE9E6C /* SearchResultSubtitleTableViewCellViewModel.swift in Sources */ = {isa = PBXBuildFile; fileRef = DA5C523A2955BB2000EE9E6C /* SearchResultSubtitleTableViewCellViewModel.swift */; };
		DA5C523D29560D0800EE9E6C /* PlayerControlsView.swift in Sources */ = {isa = PBXBuildFile; fileRef = DA5C523C29560D0800EE9E6C /* PlayerControlsView.swift */; };
		DA5C524029579A6A00EE9E6C /* LibraryPlaylistsViewController.swift in Sources */ = {isa = PBXBuildFile; fileRef = DA5C523F29579A6A00EE9E6C /* LibraryPlaylistsViewController.swift */; };
		DA5C524229579B1B00EE9E6C /* LibraryAlbumsViewController.swift in Sources */ = {isa = PBXBuildFile; fileRef = DA5C524129579B1B00EE9E6C /* LibraryAlbumsViewController.swift */; };
		DA5C52442957A20500EE9E6C /* LibraryToggleView.swift in Sources */ = {isa = PBXBuildFile; fileRef = DA5C52432957A20500EE9E6C /* LibraryToggleView.swift */; };
		DA7A0928293E772000F7C445 /* AppDelegate.swift in Sources */ = {isa = PBXBuildFile; fileRef = DA7A0927293E772000F7C445 /* AppDelegate.swift */; };
		DA7A092A293E772000F7C445 /* SceneDelegate.swift in Sources */ = {isa = PBXBuildFile; fileRef = DA7A0929293E772000F7C445 /* SceneDelegate.swift */; };
		DA7A092C293E772000F7C445 /* HomeViewController.swift in Sources */ = {isa = PBXBuildFile; fileRef = DA7A092B293E772000F7C445 /* HomeViewController.swift */; };
		DA7A0931293E772100F7C445 /* Assets.xcassets in Resources */ = {isa = PBXBuildFile; fileRef = DA7A0930293E772100F7C445 /* Assets.xcassets */; };
		DA7A0934293E772100F7C445 /* LaunchScreen.storyboard in Resources */ = {isa = PBXBuildFile; fileRef = DA7A0932293E772100F7C445 /* LaunchScreen.storyboard */; };
		DA7A0942293E7A0800F7C445 /* TabBarViewController.swift in Sources */ = {isa = PBXBuildFile; fileRef = DA7A0941293E7A0800F7C445 /* TabBarViewController.swift */; };
		DA7A0944293E7A3900F7C445 /* SearchViewController.swift in Sources */ = {isa = PBXBuildFile; fileRef = DA7A0943293E7A3900F7C445 /* SearchViewController.swift */; };
		DA7A0946293E7A4F00F7C445 /* LibraryViewController.swift in Sources */ = {isa = PBXBuildFile; fileRef = DA7A0945293E7A4F00F7C445 /* LibraryViewController.swift */; };
		DA7A094A293E7A7E00F7C445 /* AuthViewController.swift in Sources */ = {isa = PBXBuildFile; fileRef = DA7A0949293E7A7E00F7C445 /* AuthViewController.swift */; };
		DA7A094C293E7A8F00F7C445 /* WelcomeViewController.swift in Sources */ = {isa = PBXBuildFile; fileRef = DA7A094B293E7A8F00F7C445 /* WelcomeViewController.swift */; };
		DA7A094E293E7AB700F7C445 /* SettingsViewController.swift in Sources */ = {isa = PBXBuildFile; fileRef = DA7A094D293E7AB700F7C445 /* SettingsViewController.swift */; };
		DA7A0950293E7AC900F7C445 /* ProfileViewController.swift in Sources */ = {isa = PBXBuildFile; fileRef = DA7A094F293E7AC900F7C445 /* ProfileViewController.swift */; };
		DA7A0952293E7ADD00F7C445 /* PlayerViewController.swift in Sources */ = {isa = PBXBuildFile; fileRef = DA7A0951293E7ADD00F7C445 /* PlayerViewController.swift */; };
		DA7A0954293E7AEF00F7C445 /* PlaylistViewController.swift in Sources */ = {isa = PBXBuildFile; fileRef = DA7A0953293E7AEF00F7C445 /* PlaylistViewController.swift */; };
		DA7A0956293E7B1800F7C445 /* SearchResultsViewController.swift in Sources */ = {isa = PBXBuildFile; fileRef = DA7A0955293E7B1800F7C445 /* SearchResultsViewController.swift */; };
		DA7A0958293E7B3F00F7C445 /* AuthManager.swift in Sources */ = {isa = PBXBuildFile; fileRef = DA7A0957293E7B3F00F7C445 /* AuthManager.swift */; };
		DA7A095A293E7B6400F7C445 /* APICaller.swift in Sources */ = {isa = PBXBuildFile; fileRef = DA7A0959293E7B6400F7C445 /* APICaller.swift */; };
		DA7A095C293E7B7800F7C445 /* HapticsManager.swift in Sources */ = {isa = PBXBuildFile; fileRef = DA7A095B293E7B7800F7C445 /* HapticsManager.swift */; };
		DA7A095E293E7B9F00F7C445 /* Playlist.swift in Sources */ = {isa = PBXBuildFile; fileRef = DA7A095D293E7B9F00F7C445 /* Playlist.swift */; };
		DA7A0960293E7BAB00F7C445 /* AudioTrack.swift in Sources */ = {isa = PBXBuildFile; fileRef = DA7A095F293E7BAB00F7C445 /* AudioTrack.swift */; };
		DA7A0962293E7BB900F7C445 /* Artist.swift in Sources */ = {isa = PBXBuildFile; fileRef = DA7A0961293E7BB900F7C445 /* Artist.swift */; };
		DA7A0964293E7BC700F7C445 /* UserProfile.swift in Sources */ = {isa = PBXBuildFile; fileRef = DA7A0963293E7BC700F7C445 /* UserProfile.swift */; };
		DA7A0966293E848000F7C445 /* Extensions.swift in Sources */ = {isa = PBXBuildFile; fileRef = DA7A0965293E848000F7C445 /* Extensions.swift */; };
		DA81FECE2950808500E7B858 /* AlbumViewController.swift in Sources */ = {isa = PBXBuildFile; fileRef = DA81FECD2950808500E7B858 /* AlbumViewController.swift */; };
		DA81FED0295085A200E7B858 /* AlbumDetailsResponse.swift in Sources */ = {isa = PBXBuildFile; fileRef = DA81FECF295085A200E7B858 /* AlbumDetailsResponse.swift */; };
		DA81FED229508BF200E7B858 /* PlaylistDetailsResponse.swift in Sources */ = {isa = PBXBuildFile; fileRef = DA81FED129508BF200E7B858 /* PlaylistDetailsResponse.swift */; };
		DA81FED42950D0BA00E7B858 /* PlaylistHeaderCollectionReusableView.swift in Sources */ = {isa = PBXBuildFile; fileRef = DA81FED32950D0BA00E7B858 /* PlaylistHeaderCollectionReusableView.swift */; };
		DA97C90229537B6F00A6B708 /* GenreCollectionViewCell.swift in Sources */ = {isa = PBXBuildFile; fileRef = DA97C90129537B6F00A6B708 /* GenreCollectionViewCell.swift */; };
		DAB62DD3293F70FD00F4C341 /* AuthResponse.swift in Sources */ = {isa = PBXBuildFile; fileRef = DAB62DD2293F70FD00F4C341 /* AuthResponse.swift */; };
		DABBF0512944A506002F2CF0 /* NewReleaseseResponse.swift in Sources */ = {isa = PBXBuildFile; fileRef = DABBF0502944A506002F2CF0 /* NewReleaseseResponse.swift */; };
		DABBF053294621F6002F2CF0 /* APIImage.swift in Sources */ = {isa = PBXBuildFile; fileRef = DABBF052294621F6002F2CF0 /* APIImage.swift */; };
		DABBF05529462650002F2CF0 /* FeaturedPlaylistsResponse.swift in Sources */ = {isa = PBXBuildFile; fileRef = DABBF05429462650002F2CF0 /* FeaturedPlaylistsResponse.swift */; };
		DABBF05729462D36002F2CF0 /* RecommendedGenresResponse.swift in Sources */ = {isa = PBXBuildFile; fileRef = DABBF05629462D36002F2CF0 /* RecommendedGenresResponse.swift */; };
		DABBF05929463155002F2CF0 /* RecommendationsResponse.swift in Sources */ = {isa = PBXBuildFile; fileRef = DABBF05829463155002F2CF0 /* RecommendationsResponse.swift */; };
		DABBF05C29475192002F2CF0 /* NewReleaseCollectionViewCell.swift in Sources */ = {isa = PBXBuildFile; fileRef = DABBF05B29475192002F2CF0 /* NewReleaseCollectionViewCell.swift */; };
		DABBF05E294751BD002F2CF0 /* FeaturedPlaylistCollectionViewCell.swift in Sources */ = {isa = PBXBuildFile; fileRef = DABBF05D294751BD002F2CF0 /* FeaturedPlaylistCollectionViewCell.swift */; };
		DABBF060294751DB002F2CF0 /* RecommendedTrackCollectionViewCell.swift in Sources */ = {isa = PBXBuildFile; fileRef = DABBF05F294751DB002F2CF0 /* RecommendedTrackCollectionViewCell.swift */; };
		DAC95A49295399C800C224D1 /* AllCategoriesResponse.swift in Sources */ = {isa = PBXBuildFile; fileRef = DAC95A48295399C800C224D1 /* AllCategoriesResponse.swift */; };
		DAC95A4B2953A19D00C224D1 /* CategoryCollectionViewCellViewModel.swift in Sources */ = {isa = PBXBuildFile; fileRef = DAC95A4A2953A19D00C224D1 /* CategoryCollectionViewCellViewModel.swift */; };
		DAC95A4D2953A68300C224D1 /* CategoryViewController.swift in Sources */ = {isa = PBXBuildFile; fileRef = DAC95A4C2953A68300C224D1 /* CategoryViewController.swift */; };
		DACF9F6D2954F25200B9B397 /* SearchResultResponse.swift in Sources */ = {isa = PBXBuildFile; fileRef = DACF9F6C2954F25200B9B397 /* SearchResultResponse.swift */; };
		DACF9F6F2954F3F000B9B397 /* SearchResult.swift in Sources */ = {isa = PBXBuildFile; fileRef = DACF9F6E2954F3F000B9B397 /* SearchResult.swift */; };
		DAFB414729532AA400119055 /* TitleHeaderCollectionReusableView.swift in Sources */ = {isa = PBXBuildFile; fileRef = DAFB414629532AA400119055 /* TitleHeaderCollectionReusableView.swift */; };
		DAFB41492953519700119055 /* AlbumTrackCollectionViewCell.swift in Sources */ = {isa = PBXBuildFile; fileRef = DAFB41482953519700119055 /* AlbumTrackCollectionViewCell.swift */; };
		DAFB414B2953541A00119055 /* AlbumCollectionViewCellViewModel.swift in Sources */ = {isa = PBXBuildFile; fileRef = DAFB414A2953541A00119055 /* AlbumCollectionViewCellViewModel.swift */; };
/* End PBXBuildFile section */

/* Begin PBXFileReference section */
		2D007AFED1938BC297BF8EF0 /* Pods-SpotifyClone.release.xcconfig */ = {isa = PBXFileReference; includeInIndex = 1; lastKnownFileType = text.xcconfig; name = "Pods-SpotifyClone.release.xcconfig"; path = "Target Support Files/Pods-SpotifyClone/Pods-SpotifyClone.release.xcconfig"; sourceTree = "<group>"; };
		56F700358A4B81F5203B402F /* Pods-SpotifyClone.debug.xcconfig */ = {isa = PBXFileReference; includeInIndex = 1; lastKnownFileType = text.xcconfig; name = "Pods-SpotifyClone.debug.xcconfig"; path = "Target Support Files/Pods-SpotifyClone/Pods-SpotifyClone.debug.xcconfig"; sourceTree = "<group>"; };
		DA08B0932943C0AB00131B0C /* SettingsModel.swift */ = {isa = PBXFileReference; lastKnownFileType = sourcecode.swift; path = SettingsModel.swift; sourceTree = "<group>"; };
		DA0BFBBD295454EB00018A9F /* PlaybackPresenter.swift */ = {isa = PBXFileReference; lastKnownFileType = sourcecode.swift; path = PlaybackPresenter.swift; sourceTree = "<group>"; };
		DA10C435295127530012790C /* PlaylistHeaderViewViewModel.swift */ = {isa = PBXFileReference; lastKnownFileType = sourcecode.swift; path = PlaylistHeaderViewViewModel.swift; sourceTree = "<group>"; };
		DA2CC71D2949DCD100FFC35A /* FeaturedPlaylistCellViewModel.swift */ = {isa = PBXFileReference; lastKnownFileType = sourcecode.swift; path = FeaturedPlaylistCellViewModel.swift; sourceTree = "<group>"; };
		DA2CC71F2949DD4400FFC35A /* RecommendedTrackCellViewModel.swift */ = {isa = PBXFileReference; lastKnownFileType = sourcecode.swift; path = RecommendedTrackCellViewModel.swift; sourceTree = "<group>"; };
		DA2D8DD029486D8D00FB14E5 /* NewReleasesCellViewModel.swift */ = {isa = PBXFileReference; lastKnownFileType = sourcecode.swift; path = NewReleasesCellViewModel.swift; sourceTree = "<group>"; };
		DA5C52342955B00500EE9E6C /* SearchResultDefaultTableViewCell.swift */ = {isa = PBXFileReference; lastKnownFileType = sourcecode.swift; path = SearchResultDefaultTableViewCell.swift; sourceTree = "<group>"; };
		DA5C52362955B41100EE9E6C /* SearchResultDefaultTableViewCellViewModel.swift */ = {isa = PBXFileReference; lastKnownFileType = sourcecode.swift; path = SearchResultDefaultTableViewCellViewModel.swift; sourceTree = "<group>"; };
		DA5C52382955B9D600EE9E6C /* SearchResultSubtitleTableViewCell.swift */ = {isa = PBXFileReference; lastKnownFileType = sourcecode.swift; path = SearchResultSubtitleTableViewCell.swift; sourceTree = "<group>"; };
		DA5C523A2955BB2000EE9E6C /* SearchResultSubtitleTableViewCellViewModel.swift */ = {isa = PBXFileReference; lastKnownFileType = sourcecode.swift; path = SearchResultSubtitleTableViewCellViewModel.swift; sourceTree = "<group>"; };
		DA5C523C29560D0800EE9E6C /* PlayerControlsView.swift */ = {isa = PBXFileReference; lastKnownFileType = sourcecode.swift; path = PlayerControlsView.swift; sourceTree = "<group>"; };
		DA5C523F29579A6A00EE9E6C /* LibraryPlaylistsViewController.swift */ = {isa = PBXFileReference; lastKnownFileType = sourcecode.swift; path = LibraryPlaylistsViewController.swift; sourceTree = "<group>"; };
		DA5C524129579B1B00EE9E6C /* LibraryAlbumsViewController.swift */ = {isa = PBXFileReference; lastKnownFileType = sourcecode.swift; path = LibraryAlbumsViewController.swift; sourceTree = "<group>"; };
		DA5C52432957A20500EE9E6C /* LibraryToggleView.swift */ = {isa = PBXFileReference; lastKnownFileType = sourcecode.swift; path = LibraryToggleView.swift; sourceTree = "<group>"; };
		DA7A0924293E772000F7C445 /* SpotifyClone.app */ = {isa = PBXFileReference; explicitFileType = wrapper.application; includeInIndex = 0; path = SpotifyClone.app; sourceTree = BUILT_PRODUCTS_DIR; };
		DA7A0927293E772000F7C445 /* AppDelegate.swift */ = {isa = PBXFileReference; lastKnownFileType = sourcecode.swift; path = AppDelegate.swift; sourceTree = "<group>"; };
		DA7A0929293E772000F7C445 /* SceneDelegate.swift */ = {isa = PBXFileReference; lastKnownFileType = sourcecode.swift; path = SceneDelegate.swift; sourceTree = "<group>"; };
		DA7A092B293E772000F7C445 /* HomeViewController.swift */ = {isa = PBXFileReference; lastKnownFileType = sourcecode.swift; path = HomeViewController.swift; sourceTree = "<group>"; };
		DA7A0930293E772100F7C445 /* Assets.xcassets */ = {isa = PBXFileReference; lastKnownFileType = folder.assetcatalog; path = Assets.xcassets; sourceTree = "<group>"; };
		DA7A0933293E772100F7C445 /* Base */ = {isa = PBXFileReference; lastKnownFileType = file.storyboard; name = Base; path = Base.lproj/LaunchScreen.storyboard; sourceTree = "<group>"; };
		DA7A0935293E772100F7C445 /* Info.plist */ = {isa = PBXFileReference; lastKnownFileType = text.plist.xml; path = Info.plist; sourceTree = "<group>"; };
		DA7A0941293E7A0800F7C445 /* TabBarViewController.swift */ = {isa = PBXFileReference; lastKnownFileType = sourcecode.swift; path = TabBarViewController.swift; sourceTree = "<group>"; };
		DA7A0943293E7A3900F7C445 /* SearchViewController.swift */ = {isa = PBXFileReference; lastKnownFileType = sourcecode.swift; path = SearchViewController.swift; sourceTree = "<group>"; };
		DA7A0945293E7A4F00F7C445 /* LibraryViewController.swift */ = {isa = PBXFileReference; lastKnownFileType = sourcecode.swift; path = LibraryViewController.swift; sourceTree = "<group>"; };
		DA7A0949293E7A7E00F7C445 /* AuthViewController.swift */ = {isa = PBXFileReference; lastKnownFileType = sourcecode.swift; path = AuthViewController.swift; sourceTree = "<group>"; };
		DA7A094B293E7A8F00F7C445 /* WelcomeViewController.swift */ = {isa = PBXFileReference; lastKnownFileType = sourcecode.swift; path = WelcomeViewController.swift; sourceTree = "<group>"; };
		DA7A094D293E7AB700F7C445 /* SettingsViewController.swift */ = {isa = PBXFileReference; lastKnownFileType = sourcecode.swift; path = SettingsViewController.swift; sourceTree = "<group>"; };
		DA7A094F293E7AC900F7C445 /* ProfileViewController.swift */ = {isa = PBXFileReference; lastKnownFileType = sourcecode.swift; path = ProfileViewController.swift; sourceTree = "<group>"; };
		DA7A0951293E7ADD00F7C445 /* PlayerViewController.swift */ = {isa = PBXFileReference; lastKnownFileType = sourcecode.swift; path = PlayerViewController.swift; sourceTree = "<group>"; };
		DA7A0953293E7AEF00F7C445 /* PlaylistViewController.swift */ = {isa = PBXFileReference; lastKnownFileType = sourcecode.swift; path = PlaylistViewController.swift; sourceTree = "<group>"; };
		DA7A0955293E7B1800F7C445 /* SearchResultsViewController.swift */ = {isa = PBXFileReference; lastKnownFileType = sourcecode.swift; path = SearchResultsViewController.swift; sourceTree = "<group>"; };
		DA7A0957293E7B3F00F7C445 /* AuthManager.swift */ = {isa = PBXFileReference; lastKnownFileType = sourcecode.swift; path = AuthManager.swift; sourceTree = "<group>"; };
		DA7A0959293E7B6400F7C445 /* APICaller.swift */ = {isa = PBXFileReference; lastKnownFileType = sourcecode.swift; path = APICaller.swift; sourceTree = "<group>"; };
		DA7A095B293E7B7800F7C445 /* HapticsManager.swift */ = {isa = PBXFileReference; lastKnownFileType = sourcecode.swift; path = HapticsManager.swift; sourceTree = "<group>"; };
		DA7A095D293E7B9F00F7C445 /* Playlist.swift */ = {isa = PBXFileReference; lastKnownFileType = sourcecode.swift; path = Playlist.swift; sourceTree = "<group>"; };
		DA7A095F293E7BAB00F7C445 /* AudioTrack.swift */ = {isa = PBXFileReference; lastKnownFileType = sourcecode.swift; path = AudioTrack.swift; sourceTree = "<group>"; };
		DA7A0961293E7BB900F7C445 /* Artist.swift */ = {isa = PBXFileReference; lastKnownFileType = sourcecode.swift; path = Artist.swift; sourceTree = "<group>"; };
		DA7A0963293E7BC700F7C445 /* UserProfile.swift */ = {isa = PBXFileReference; lastKnownFileType = sourcecode.swift; path = UserProfile.swift; sourceTree = "<group>"; };
		DA7A0965293E848000F7C445 /* Extensions.swift */ = {isa = PBXFileReference; lastKnownFileType = sourcecode.swift; path = Extensions.swift; sourceTree = "<group>"; };
		DA81FECD2950808500E7B858 /* AlbumViewController.swift */ = {isa = PBXFileReference; lastKnownFileType = sourcecode.swift; path = AlbumViewController.swift; sourceTree = "<group>"; };
		DA81FECF295085A200E7B858 /* AlbumDetailsResponse.swift */ = {isa = PBXFileReference; lastKnownFileType = sourcecode.swift; path = AlbumDetailsResponse.swift; sourceTree = "<group>"; };
		DA81FED129508BF200E7B858 /* PlaylistDetailsResponse.swift */ = {isa = PBXFileReference; lastKnownFileType = sourcecode.swift; path = PlaylistDetailsResponse.swift; sourceTree = "<group>"; };
		DA81FED32950D0BA00E7B858 /* PlaylistHeaderCollectionReusableView.swift */ = {isa = PBXFileReference; lastKnownFileType = sourcecode.swift; path = PlaylistHeaderCollectionReusableView.swift; sourceTree = "<group>"; };
		DA97C90129537B6F00A6B708 /* GenreCollectionViewCell.swift */ = {isa = PBXFileReference; lastKnownFileType = sourcecode.swift; path = GenreCollectionViewCell.swift; sourceTree = "<group>"; };
		DAB62DD2293F70FD00F4C341 /* AuthResponse.swift */ = {isa = PBXFileReference; lastKnownFileType = sourcecode.swift; path = AuthResponse.swift; sourceTree = "<group>"; };
		DABBF0502944A506002F2CF0 /* NewReleaseseResponse.swift */ = {isa = PBXFileReference; lastKnownFileType = sourcecode.swift; path = NewReleaseseResponse.swift; sourceTree = "<group>"; };
		DABBF052294621F6002F2CF0 /* APIImage.swift */ = {isa = PBXFileReference; lastKnownFileType = sourcecode.swift; path = APIImage.swift; sourceTree = "<group>"; };
		DABBF05429462650002F2CF0 /* FeaturedPlaylistsResponse.swift */ = {isa = PBXFileReference; lastKnownFileType = sourcecode.swift; path = FeaturedPlaylistsResponse.swift; sourceTree = "<group>"; };
		DABBF05629462D36002F2CF0 /* RecommendedGenresResponse.swift */ = {isa = PBXFileReference; lastKnownFileType = sourcecode.swift; path = RecommendedGenresResponse.swift; sourceTree = "<group>"; };
		DABBF05829463155002F2CF0 /* RecommendationsResponse.swift */ = {isa = PBXFileReference; lastKnownFileType = sourcecode.swift; path = RecommendationsResponse.swift; sourceTree = "<group>"; };
		DABBF05B29475192002F2CF0 /* NewReleaseCollectionViewCell.swift */ = {isa = PBXFileReference; lastKnownFileType = sourcecode.swift; path = NewReleaseCollectionViewCell.swift; sourceTree = "<group>"; };
		DABBF05D294751BD002F2CF0 /* FeaturedPlaylistCollectionViewCell.swift */ = {isa = PBXFileReference; lastKnownFileType = sourcecode.swift; path = FeaturedPlaylistCollectionViewCell.swift; sourceTree = "<group>"; };
		DABBF05F294751DB002F2CF0 /* RecommendedTrackCollectionViewCell.swift */ = {isa = PBXFileReference; lastKnownFileType = sourcecode.swift; path = RecommendedTrackCollectionViewCell.swift; sourceTree = "<group>"; };
		DAC95A48295399C800C224D1 /* AllCategoriesResponse.swift */ = {isa = PBXFileReference; lastKnownFileType = sourcecode.swift; path = AllCategoriesResponse.swift; sourceTree = "<group>"; };
		DAC95A4A2953A19D00C224D1 /* CategoryCollectionViewCellViewModel.swift */ = {isa = PBXFileReference; lastKnownFileType = sourcecode.swift; path = CategoryCollectionViewCellViewModel.swift; sourceTree = "<group>"; };
		DAC95A4C2953A68300C224D1 /* CategoryViewController.swift */ = {isa = PBXFileReference; lastKnownFileType = sourcecode.swift; path = CategoryViewController.swift; sourceTree = "<group>"; };
		DACF9F6C2954F25200B9B397 /* SearchResultResponse.swift */ = {isa = PBXFileReference; lastKnownFileType = sourcecode.swift; path = SearchResultResponse.swift; sourceTree = "<group>"; };
		DACF9F6E2954F3F000B9B397 /* SearchResult.swift */ = {isa = PBXFileReference; lastKnownFileType = sourcecode.swift; path = SearchResult.swift; sourceTree = "<group>"; };
		DAFB414629532AA400119055 /* TitleHeaderCollectionReusableView.swift */ = {isa = PBXFileReference; lastKnownFileType = sourcecode.swift; path = TitleHeaderCollectionReusableView.swift; sourceTree = "<group>"; };
		DAFB41482953519700119055 /* AlbumTrackCollectionViewCell.swift */ = {isa = PBXFileReference; lastKnownFileType = sourcecode.swift; path = AlbumTrackCollectionViewCell.swift; sourceTree = "<group>"; };
		DAFB414A2953541A00119055 /* AlbumCollectionViewCellViewModel.swift */ = {isa = PBXFileReference; lastKnownFileType = sourcecode.swift; path = AlbumCollectionViewCellViewModel.swift; sourceTree = "<group>"; };
		F8453DE526D149897BDDF54E /* Pods_SpotifyClone.framework */ = {isa = PBXFileReference; explicitFileType = wrapper.framework; includeInIndex = 0; path = Pods_SpotifyClone.framework; sourceTree = BUILT_PRODUCTS_DIR; };
/* End PBXFileReference section */

/* Begin PBXFrameworksBuildPhase section */
		DA7A0921293E772000F7C445 /* Frameworks */ = {
			isa = PBXFrameworksBuildPhase;
			buildActionMask = 2147483647;
			files = (
				D68C718F3B80F1E22CA15E3E /* Pods_SpotifyClone.framework in Frameworks */,
			);
			runOnlyForDeploymentPostprocessing = 0;
		};
/* End PBXFrameworksBuildPhase section */

/* Begin PBXGroup section */
		4A812C20702DC3645FA13D2E /* Frameworks */ = {
			isa = PBXGroup;
			children = (
				F8453DE526D149897BDDF54E /* Pods_SpotifyClone.framework */,
			);
			name = Frameworks;
			sourceTree = "<group>";
		};
		D7B17EA8DD8465005A7D4408 /* Pods */ = {
			isa = PBXGroup;
			children = (
				56F700358A4B81F5203B402F /* Pods-SpotifyClone.debug.xcconfig */,
				2D007AFED1938BC297BF8EF0 /* Pods-SpotifyClone.release.xcconfig */,
			);
			path = Pods;
			sourceTree = "<group>";
		};
		DA0BFBBC295454CA00018A9F /* Presenter */ = {
			isa = PBXGroup;
			children = (
				DA0BFBBD295454EB00018A9F /* PlaybackPresenter.swift */,
			);
			path = Presenter;
			sourceTree = "<group>";
		};
		DA5C52332955AFDF00EE9E6C /* SearchResultCells */ = {
			isa = PBXGroup;
			children = (
				DA5C52342955B00500EE9E6C /* SearchResultDefaultTableViewCell.swift */,
				DA5C52382955B9D600EE9E6C /* SearchResultSubtitleTableViewCell.swift */,
			);
			path = SearchResultCells;
			sourceTree = "<group>";
		};
		DA5C523E29579A3C00EE9E6C /* Library */ = {
			isa = PBXGroup;
			children = (
				DA5C523F29579A6A00EE9E6C /* LibraryPlaylistsViewController.swift */,
				DA5C524129579B1B00EE9E6C /* LibraryAlbumsViewController.swift */,
			);
			path = Library;
			sourceTree = "<group>";
		};
		DA7A091B293E772000F7C445 = {
			isa = PBXGroup;
			children = (
				DA7A0926293E772000F7C445 /* SpotifyClone */,
				DA7A0925293E772000F7C445 /* Products */,
				D7B17EA8DD8465005A7D4408 /* Pods */,
				4A812C20702DC3645FA13D2E /* Frameworks */,
			);
			sourceTree = "<group>";
		};
		DA7A0925293E772000F7C445 /* Products */ = {
			isa = PBXGroup;
			children = (
				DA7A0924293E772000F7C445 /* SpotifyClone.app */,
			);
			name = Products;
			sourceTree = "<group>";
		};
		DA7A0926293E772000F7C445 /* SpotifyClone */ = {
			isa = PBXGroup;
			children = (
				DA0BFBBC295454CA00018A9F /* Presenter */,
				DA7A0940293E77BF00F7C445 /* Controllers */,
				DA7A093F293E77B600F7C445 /* Views */,
				DA7A093E293E77AE00F7C445 /* Models */,
				DA7A093D293E77A600F7C445 /* ViewModels */,
				DA7A093C293E779E00F7C445 /* Managers */,
				DA7A093B293E779300F7C445 /* Resources */,
				DA7A0935293E772100F7C445 /* Info.plist */,
			);
			path = SpotifyClone;
			sourceTree = "<group>";
		};
		DA7A093B293E779300F7C445 /* Resources */ = {
			isa = PBXGroup;
			children = (
				DA7A0930293E772100F7C445 /* Assets.xcassets */,
				DA7A0927293E772000F7C445 /* AppDelegate.swift */,
				DA7A0929293E772000F7C445 /* SceneDelegate.swift */,
				DA7A0965293E848000F7C445 /* Extensions.swift */,
			);
			path = Resources;
			sourceTree = "<group>";
		};
		DA7A093C293E779E00F7C445 /* Managers */ = {
			isa = PBXGroup;
			children = (
				DA7A0957293E7B3F00F7C445 /* AuthManager.swift */,
				DA7A0959293E7B6400F7C445 /* APICaller.swift */,
				DA7A095B293E7B7800F7C445 /* HapticsManager.swift */,
			);
			path = Managers;
			sourceTree = "<group>";
		};
		DA7A093D293E77A600F7C445 /* ViewModels */ = {
			isa = PBXGroup;
			children = (
				DA2D8DD029486D8D00FB14E5 /* NewReleasesCellViewModel.swift */,
				DA2CC71D2949DCD100FFC35A /* FeaturedPlaylistCellViewModel.swift */,
				DA2CC71F2949DD4400FFC35A /* RecommendedTrackCellViewModel.swift */,
				DA10C435295127530012790C /* PlaylistHeaderViewViewModel.swift */,
				DAFB414A2953541A00119055 /* AlbumCollectionViewCellViewModel.swift */,
				DAC95A4A2953A19D00C224D1 /* CategoryCollectionViewCellViewModel.swift */,
				DA5C52362955B41100EE9E6C /* SearchResultDefaultTableViewCellViewModel.swift */,
				DA5C523A2955BB2000EE9E6C /* SearchResultSubtitleTableViewCellViewModel.swift */,
			);
			path = ViewModels;
			sourceTree = "<group>";
		};
		DA7A093E293E77AE00F7C445 /* Models */ = {
			isa = PBXGroup;
			children = (
				DA7A095D293E7B9F00F7C445 /* Playlist.swift */,
				DA7A095F293E7BAB00F7C445 /* AudioTrack.swift */,
				DA7A0961293E7BB900F7C445 /* Artist.swift */,
				DA7A0963293E7BC700F7C445 /* UserProfile.swift */,
				DAB62DD2293F70FD00F4C341 /* AuthResponse.swift */,
				DA08B0932943C0AB00131B0C /* SettingsModel.swift */,
				DABBF0502944A506002F2CF0 /* NewReleaseseResponse.swift */,
				DABBF052294621F6002F2CF0 /* APIImage.swift */,
				DABBF05429462650002F2CF0 /* FeaturedPlaylistsResponse.swift */,
				DABBF05629462D36002F2CF0 /* RecommendedGenresResponse.swift */,
				DABBF05829463155002F2CF0 /* RecommendationsResponse.swift */,
				DA81FECF295085A200E7B858 /* AlbumDetailsResponse.swift */,
				DA81FED129508BF200E7B858 /* PlaylistDetailsResponse.swift */,
				DAC95A48295399C800C224D1 /* AllCategoriesResponse.swift */,
				DACF9F6C2954F25200B9B397 /* SearchResultResponse.swift */,
				DACF9F6E2954F3F000B9B397 /* SearchResult.swift */,
			);
			path = Models;
			sourceTree = "<group>";
		};
		DA7A093F293E77B600F7C445 /* Views */ = {
			isa = PBXGroup;
			children = (
				DA5C52332955AFDF00EE9E6C /* SearchResultCells */,
				DABBF05A2947516A002F2CF0 /* Browse */,
				DA7A0932293E772100F7C445 /* LaunchScreen.storyboard */,
				DA81FED32950D0BA00E7B858 /* PlaylistHeaderCollectionReusableView.swift */,
				DAFB414629532AA400119055 /* TitleHeaderCollectionReusableView.swift */,
				DAFB41482953519700119055 /* AlbumTrackCollectionViewCell.swift */,
				DA97C90129537B6F00A6B708 /* GenreCollectionViewCell.swift */,
				DA5C523C29560D0800EE9E6C /* PlayerControlsView.swift */,
				DA5C52432957A20500EE9E6C /* LibraryToggleView.swift */,
			);
			path = Views;
			sourceTree = "<group>";
		};
		DA7A0940293E77BF00F7C445 /* Controllers */ = {
			isa = PBXGroup;
			children = (
				DA7A0948293E7A6600F7C445 /* General */,
				DA7A0947293E7A6100F7C445 /* Core */,
			);
			path = Controllers;
			sourceTree = "<group>";
		};
		DA7A0947293E7A6100F7C445 /* Core */ = {
			isa = PBXGroup;
			children = (
				DA7A092B293E772000F7C445 /* HomeViewController.swift */,
				DA7A0941293E7A0800F7C445 /* TabBarViewController.swift */,
				DA7A0943293E7A3900F7C445 /* SearchViewController.swift */,
				DA7A0945293E7A4F00F7C445 /* LibraryViewController.swift */,
			);
			path = Core;
			sourceTree = "<group>";
		};
		DA7A0948293E7A6600F7C445 /* General */ = {
			isa = PBXGroup;
			children = (
				DA5C523E29579A3C00EE9E6C /* Library */,
				DA7A0949293E7A7E00F7C445 /* AuthViewController.swift */,
				DA7A094B293E7A8F00F7C445 /* WelcomeViewController.swift */,
				DA7A094D293E7AB700F7C445 /* SettingsViewController.swift */,
				DA7A094F293E7AC900F7C445 /* ProfileViewController.swift */,
				DA7A0951293E7ADD00F7C445 /* PlayerViewController.swift */,
				DA7A0953293E7AEF00F7C445 /* PlaylistViewController.swift */,
				DA7A0955293E7B1800F7C445 /* SearchResultsViewController.swift */,
				DA81FECD2950808500E7B858 /* AlbumViewController.swift */,
				DAC95A4C2953A68300C224D1 /* CategoryViewController.swift */,
			);
			path = General;
			sourceTree = "<group>";
		};
		DABBF05A2947516A002F2CF0 /* Browse */ = {
			isa = PBXGroup;
			children = (
				DABBF05B29475192002F2CF0 /* NewReleaseCollectionViewCell.swift */,
				DABBF05D294751BD002F2CF0 /* FeaturedPlaylistCollectionViewCell.swift */,
				DABBF05F294751DB002F2CF0 /* RecommendedTrackCollectionViewCell.swift */,
			);
			path = Browse;
			sourceTree = "<group>";
		};
/* End PBXGroup section */

/* Begin PBXNativeTarget section */
		DA7A0923293E772000F7C445 /* SpotifyClone */ = {
			isa = PBXNativeTarget;
			buildConfigurationList = DA7A0938293E772100F7C445 /* Build configuration list for PBXNativeTarget "SpotifyClone" */;
			buildPhases = (
				01EBAF793596231116EB9B07 /* [CP] Check Pods Manifest.lock */,
				DA7A0920293E772000F7C445 /* Sources */,
				DA7A0921293E772000F7C445 /* Frameworks */,
				DA7A0922293E772000F7C445 /* Resources */,
				649E81E257E1D3586AC8B199 /* [CP] Embed Pods Frameworks */,
			);
			buildRules = (
			);
			dependencies = (
			);
			name = SpotifyClone;
			productName = SpotifyClone;
			productReference = DA7A0924293E772000F7C445 /* SpotifyClone.app */;
			productType = "com.apple.product-type.application";
		};
/* End PBXNativeTarget section */

/* Begin PBXProject section */
		DA7A091C293E772000F7C445 /* Project object */ = {
			isa = PBXProject;
			attributes = {
				BuildIndependentTargetsInParallel = 1;
				LastSwiftUpdateCheck = 1410;
				LastUpgradeCheck = 1410;
				TargetAttributes = {
					DA7A0923293E772000F7C445 = {
						CreatedOnToolsVersion = 14.1;
					};
				};
			};
			buildConfigurationList = DA7A091F293E772000F7C445 /* Build configuration list for PBXProject "SpotifyClone" */;
			compatibilityVersion = "Xcode 14.0";
			developmentRegion = en;
			hasScannedForEncodings = 0;
			knownRegions = (
				en,
				Base,
			);
			mainGroup = DA7A091B293E772000F7C445;
			productRefGroup = DA7A0925293E772000F7C445 /* Products */;
			projectDirPath = "";
			projectRoot = "";
			targets = (
				DA7A0923293E772000F7C445 /* SpotifyClone */,
			);
		};
/* End PBXProject section */

/* Begin PBXResourcesBuildPhase section */
		DA7A0922293E772000F7C445 /* Resources */ = {
			isa = PBXResourcesBuildPhase;
			buildActionMask = 2147483647;
			files = (
				DA7A0934293E772100F7C445 /* LaunchScreen.storyboard in Resources */,
				DA7A0931293E772100F7C445 /* Assets.xcassets in Resources */,
			);
			runOnlyForDeploymentPostprocessing = 0;
		};
/* End PBXResourcesBuildPhase section */

/* Begin PBXShellScriptBuildPhase section */
		01EBAF793596231116EB9B07 /* [CP] Check Pods Manifest.lock */ = {
			isa = PBXShellScriptBuildPhase;
			buildActionMask = 2147483647;
			files = (
			);
			inputFileListPaths = (
			);
			inputPaths = (
				"${PODS_PODFILE_DIR_PATH}/Podfile.lock",
				"${PODS_ROOT}/Manifest.lock",
			);
			name = "[CP] Check Pods Manifest.lock";
			outputFileListPaths = (
			);
			outputPaths = (
				"$(DERIVED_FILE_DIR)/Pods-SpotifyClone-checkManifestLockResult.txt",
			);
			runOnlyForDeploymentPostprocessing = 0;
			shellPath = /bin/sh;
			shellScript = "diff \"${PODS_PODFILE_DIR_PATH}/Podfile.lock\" \"${PODS_ROOT}/Manifest.lock\" > /dev/null\nif [ $? != 0 ] ; then\n    # print error to STDERR\n    echo \"error: The sandbox is not in sync with the Podfile.lock. Run 'pod install' or update your CocoaPods installation.\" >&2\n    exit 1\nfi\n# This output is used by Xcode 'outputs' to avoid re-running this script phase.\necho \"SUCCESS\" > \"${SCRIPT_OUTPUT_FILE_0}\"\n";
			showEnvVarsInLog = 0;
		};
		649E81E257E1D3586AC8B199 /* [CP] Embed Pods Frameworks */ = {
			isa = PBXShellScriptBuildPhase;
			buildActionMask = 2147483647;
			files = (
			);
			inputFileListPaths = (
				"${PODS_ROOT}/Target Support Files/Pods-SpotifyClone/Pods-SpotifyClone-frameworks-${CONFIGURATION}-input-files.xcfilelist",
			);
			name = "[CP] Embed Pods Frameworks";
			outputFileListPaths = (
				"${PODS_ROOT}/Target Support Files/Pods-SpotifyClone/Pods-SpotifyClone-frameworks-${CONFIGURATION}-output-files.xcfilelist",
			);
			runOnlyForDeploymentPostprocessing = 0;
			shellPath = /bin/sh;
			shellScript = "\"${PODS_ROOT}/Target Support Files/Pods-SpotifyClone/Pods-SpotifyClone-frameworks.sh\"\n";
			showEnvVarsInLog = 0;
		};
/* End PBXShellScriptBuildPhase section */

/* Begin PBXSourcesBuildPhase section */
		DA7A0920293E772000F7C445 /* Sources */ = {
			isa = PBXSourcesBuildPhase;
			buildActionMask = 2147483647;
			files = (
				DA5C52352955B00500EE9E6C /* SearchResultDefaultTableViewCell.swift in Sources */,
				DA7A0944293E7A3900F7C445 /* SearchViewController.swift in Sources */,
				DA81FED229508BF200E7B858 /* PlaylistDetailsResponse.swift in Sources */,
				DA7A095E293E7B9F00F7C445 /* Playlist.swift in Sources */,
				DA5C52442957A20500EE9E6C /* LibraryToggleView.swift in Sources */,
				DA7A0958293E7B3F00F7C445 /* AuthManager.swift in Sources */,
				DA2D8DD129486D8D00FB14E5 /* NewReleasesCellViewModel.swift in Sources */,
				DAFB414B2953541A00119055 /* AlbumCollectionViewCellViewModel.swift in Sources */,
				DA2CC7202949DD4400FFC35A /* RecommendedTrackCellViewModel.swift in Sources */,
				DA7A0956293E7B1800F7C445 /* SearchResultsViewController.swift in Sources */,
				DAC95A4D2953A68300C224D1 /* CategoryViewController.swift in Sources */,
				DAC95A49295399C800C224D1 /* AllCategoriesResponse.swift in Sources */,
				DAFB414729532AA400119055 /* TitleHeaderCollectionReusableView.swift in Sources */,
				DA81FECE2950808500E7B858 /* AlbumViewController.swift in Sources */,
				DA10C436295127530012790C /* PlaylistHeaderViewViewModel.swift in Sources */,
				DA2CC71E2949DCD100FFC35A /* FeaturedPlaylistCellViewModel.swift in Sources */,
				DABBF053294621F6002F2CF0 /* APIImage.swift in Sources */,
				DA7A094C293E7A8F00F7C445 /* WelcomeViewController.swift in Sources */,
				DA7A0950293E7AC900F7C445 /* ProfileViewController.swift in Sources */,
				DA7A0942293E7A0800F7C445 /* TabBarViewController.swift in Sources */,
				DABBF060294751DB002F2CF0 /* RecommendedTrackCollectionViewCell.swift in Sources */,
				DA7A095C293E7B7800F7C445 /* HapticsManager.swift in Sources */,
				DA97C90229537B6F00A6B708 /* GenreCollectionViewCell.swift in Sources */,
				DAB62DD3293F70FD00F4C341 /* AuthResponse.swift in Sources */,
				DA5C523D29560D0800EE9E6C /* PlayerControlsView.swift in Sources */,
				DA81FED0295085A200E7B858 /* AlbumDetailsResponse.swift in Sources */,
				DAFB41492953519700119055 /* AlbumTrackCollectionViewCell.swift in Sources */,
				DA7A0960293E7BAB00F7C445 /* AudioTrack.swift in Sources */,
				DABBF05929463155002F2CF0 /* RecommendationsResponse.swift in Sources */,
				DA5C524229579B1B00EE9E6C /* LibraryAlbumsViewController.swift in Sources */,
				DA7A092C293E772000F7C445 /* HomeViewController.swift in Sources */,
				DA0BFBBE295454EB00018A9F /* PlaybackPresenter.swift in Sources */,
				DA7A094A293E7A7E00F7C445 /* AuthViewController.swift in Sources */,
				DABBF05C29475192002F2CF0 /* NewReleaseCollectionViewCell.swift in Sources */,
				DA08B0942943C0AB00131B0C /* SettingsModel.swift in Sources */,
				DABBF05E294751BD002F2CF0 /* FeaturedPlaylistCollectionViewCell.swift in Sources */,
				DA7A0928293E772000F7C445 /* AppDelegate.swift in Sources */,
				DA7A0964293E7BC700F7C445 /* UserProfile.swift in Sources */,
				DACF9F6D2954F25200B9B397 /* SearchResultResponse.swift in Sources */,
				DA81FED42950D0BA00E7B858 /* PlaylistHeaderCollectionReusableView.swift in Sources */,
				DA5C523B2955BB2000EE9E6C /* SearchResultSubtitleTableViewCellViewModel.swift in Sources */,
				DACF9F6F2954F3F000B9B397 /* SearchResult.swift in Sources */,
				DA7A0966293E848000F7C445 /* Extensions.swift in Sources */,
				DA7A0946293E7A4F00F7C445 /* LibraryViewController.swift in Sources */,
				DA7A0962293E7BB900F7C445 /* Artist.swift in Sources */,
				DA7A0954293E7AEF00F7C445 /* PlaylistViewController.swift in Sources */,
				DA7A092A293E772000F7C445 /* SceneDelegate.swift in Sources */,
				DA7A0952293E7ADD00F7C445 /* PlayerViewController.swift in Sources */,
				DA7A095A293E7B6400F7C445 /* APICaller.swift in Sources */,
				DA5C524029579A6A00EE9E6C /* LibraryPlaylistsViewController.swift in Sources */,
				DA7A094E293E7AB700F7C445 /* SettingsViewController.swift in Sources */,
				DABBF05529462650002F2CF0 /* FeaturedPlaylistsResponse.swift in Sources */,
				DABBF0512944A506002F2CF0 /* NewReleaseseResponse.swift in Sources */,
				DAC95A4B2953A19D00C224D1 /* CategoryCollectionViewCellViewModel.swift in Sources */,
				DA5C52372955B41100EE9E6C /* SearchResultDefaultTableViewCellViewModel.swift in Sources */,
				DA5C52392955B9D600EE9E6C /* SearchResultSubtitleTableViewCell.swift in Sources */,
				DABBF05729462D36002F2CF0 /* RecommendedGenresResponse.swift in Sources */,
			);
			runOnlyForDeploymentPostprocessing = 0;
		};
/* End PBXSourcesBuildPhase section */

/* Begin PBXVariantGroup section */
		DA7A0932293E772100F7C445 /* LaunchScreen.storyboard */ = {
			isa = PBXVariantGroup;
			children = (
				DA7A0933293E772100F7C445 /* Base */,
			);
			name = LaunchScreen.storyboard;
			sourceTree = "<group>";
		};
/* End PBXVariantGroup section */

/* Begin XCBuildConfiguration section */
		DA7A0936293E772100F7C445 /* Debug */ = {
			isa = XCBuildConfiguration;
			buildSettings = {
				ALWAYS_SEARCH_USER_PATHS = NO;
				CLANG_ANALYZER_NONNULL = YES;
				CLANG_ANALYZER_NUMBER_OBJECT_CONVERSION = YES_AGGRESSIVE;
				CLANG_CXX_LANGUAGE_STANDARD = "gnu++20";
				CLANG_ENABLE_MODULES = YES;
				CLANG_ENABLE_OBJC_ARC = YES;
				CLANG_ENABLE_OBJC_WEAK = YES;
				CLANG_WARN_BLOCK_CAPTURE_AUTORELEASING = YES;
				CLANG_WARN_BOOL_CONVERSION = YES;
				CLANG_WARN_COMMA = YES;
				CLANG_WARN_CONSTANT_CONVERSION = YES;
				CLANG_WARN_DEPRECATED_OBJC_IMPLEMENTATIONS = YES;
				CLANG_WARN_DIRECT_OBJC_ISA_USAGE = YES_ERROR;
				CLANG_WARN_DOCUMENTATION_COMMENTS = YES;
				CLANG_WARN_EMPTY_BODY = YES;
				CLANG_WARN_ENUM_CONVERSION = YES;
				CLANG_WARN_INFINITE_RECURSION = YES;
				CLANG_WARN_INT_CONVERSION = YES;
				CLANG_WARN_NON_LITERAL_NULL_CONVERSION = YES;
				CLANG_WARN_OBJC_IMPLICIT_RETAIN_SELF = YES;
				CLANG_WARN_OBJC_LITERAL_CONVERSION = YES;
				CLANG_WARN_OBJC_ROOT_CLASS = YES_ERROR;
				CLANG_WARN_QUOTED_INCLUDE_IN_FRAMEWORK_HEADER = YES;
				CLANG_WARN_RANGE_LOOP_ANALYSIS = YES;
				CLANG_WARN_STRICT_PROTOTYPES = YES;
				CLANG_WARN_SUSPICIOUS_MOVE = YES;
				CLANG_WARN_UNGUARDED_AVAILABILITY = YES_AGGRESSIVE;
				CLANG_WARN_UNREACHABLE_CODE = YES;
				CLANG_WARN__DUPLICATE_METHOD_MATCH = YES;
				COPY_PHASE_STRIP = NO;
				DEBUG_INFORMATION_FORMAT = dwarf;
				ENABLE_STRICT_OBJC_MSGSEND = YES;
				ENABLE_TESTABILITY = YES;
				GCC_C_LANGUAGE_STANDARD = gnu11;
				GCC_DYNAMIC_NO_PIC = NO;
				GCC_NO_COMMON_BLOCKS = YES;
				GCC_OPTIMIZATION_LEVEL = 0;
				GCC_PREPROCESSOR_DEFINITIONS = (
					"DEBUG=1",
					"$(inherited)",
				);
				GCC_WARN_64_TO_32_BIT_CONVERSION = YES;
				GCC_WARN_ABOUT_RETURN_TYPE = YES_ERROR;
				GCC_WARN_UNDECLARED_SELECTOR = YES;
				GCC_WARN_UNINITIALIZED_AUTOS = YES_AGGRESSIVE;
				GCC_WARN_UNUSED_FUNCTION = YES;
				GCC_WARN_UNUSED_VARIABLE = YES;
				IPHONEOS_DEPLOYMENT_TARGET = 16.1;
				MTL_ENABLE_DEBUG_INFO = INCLUDE_SOURCE;
				MTL_FAST_MATH = YES;
				ONLY_ACTIVE_ARCH = YES;
				SDKROOT = iphoneos;
				SWIFT_ACTIVE_COMPILATION_CONDITIONS = DEBUG;
				SWIFT_OPTIMIZATION_LEVEL = "-Onone";
			};
			name = Debug;
		};
		DA7A0937293E772100F7C445 /* Release */ = {
			isa = XCBuildConfiguration;
			buildSettings = {
				ALWAYS_SEARCH_USER_PATHS = NO;
				CLANG_ANALYZER_NONNULL = YES;
				CLANG_ANALYZER_NUMBER_OBJECT_CONVERSION = YES_AGGRESSIVE;
				CLANG_CXX_LANGUAGE_STANDARD = "gnu++20";
				CLANG_ENABLE_MODULES = YES;
				CLANG_ENABLE_OBJC_ARC = YES;
				CLANG_ENABLE_OBJC_WEAK = YES;
				CLANG_WARN_BLOCK_CAPTURE_AUTORELEASING = YES;
				CLANG_WARN_BOOL_CONVERSION = YES;
				CLANG_WARN_COMMA = YES;
				CLANG_WARN_CONSTANT_CONVERSION = YES;
				CLANG_WARN_DEPRECATED_OBJC_IMPLEMENTATIONS = YES;
				CLANG_WARN_DIRECT_OBJC_ISA_USAGE = YES_ERROR;
				CLANG_WARN_DOCUMENTATION_COMMENTS = YES;
				CLANG_WARN_EMPTY_BODY = YES;
				CLANG_WARN_ENUM_CONVERSION = YES;
				CLANG_WARN_INFINITE_RECURSION = YES;
				CLANG_WARN_INT_CONVERSION = YES;
				CLANG_WARN_NON_LITERAL_NULL_CONVERSION = YES;
				CLANG_WARN_OBJC_IMPLICIT_RETAIN_SELF = YES;
				CLANG_WARN_OBJC_LITERAL_CONVERSION = YES;
				CLANG_WARN_OBJC_ROOT_CLASS = YES_ERROR;
				CLANG_WARN_QUOTED_INCLUDE_IN_FRAMEWORK_HEADER = YES;
				CLANG_WARN_RANGE_LOOP_ANALYSIS = YES;
				CLANG_WARN_STRICT_PROTOTYPES = YES;
				CLANG_WARN_SUSPICIOUS_MOVE = YES;
				CLANG_WARN_UNGUARDED_AVAILABILITY = YES_AGGRESSIVE;
				CLANG_WARN_UNREACHABLE_CODE = YES;
				CLANG_WARN__DUPLICATE_METHOD_MATCH = YES;
				COPY_PHASE_STRIP = NO;
				DEBUG_INFORMATION_FORMAT = "dwarf-with-dsym";
				ENABLE_NS_ASSERTIONS = NO;
				ENABLE_STRICT_OBJC_MSGSEND = YES;
				GCC_C_LANGUAGE_STANDARD = gnu11;
				GCC_NO_COMMON_BLOCKS = YES;
				GCC_WARN_64_TO_32_BIT_CONVERSION = YES;
				GCC_WARN_ABOUT_RETURN_TYPE = YES_ERROR;
				GCC_WARN_UNDECLARED_SELECTOR = YES;
				GCC_WARN_UNINITIALIZED_AUTOS = YES_AGGRESSIVE;
				GCC_WARN_UNUSED_FUNCTION = YES;
				GCC_WARN_UNUSED_VARIABLE = YES;
				IPHONEOS_DEPLOYMENT_TARGET = 16.1;
				MTL_ENABLE_DEBUG_INFO = NO;
				MTL_FAST_MATH = YES;
				SDKROOT = iphoneos;
				SWIFT_COMPILATION_MODE = wholemodule;
				SWIFT_OPTIMIZATION_LEVEL = "-O";
				VALIDATE_PRODUCT = YES;
			};
			name = Release;
		};
		DA7A0939293E772100F7C445 /* Debug */ = {
			isa = XCBuildConfiguration;
			baseConfigurationReference = 56F700358A4B81F5203B402F /* Pods-SpotifyClone.debug.xcconfig */;
			buildSettings = {
				ASSETCATALOG_COMPILER_APPICON_NAME = AppIcon;
				ASSETCATALOG_COMPILER_GLOBAL_ACCENT_COLOR_NAME = AccentColor;
				CODE_SIGN_STYLE = Automatic;
				CURRENT_PROJECT_VERSION = 1;
				DEVELOPMENT_TEAM = MZ62Z7N7ZJ;
				GENERATE_INFOPLIST_FILE = YES;
				INFOPLIST_FILE = SpotifyClone/Info.plist;
				INFOPLIST_KEY_UIApplicationSupportsIndirectInputEvents = YES;
				INFOPLIST_KEY_UILaunchStoryboardName = LaunchScreen;
				INFOPLIST_KEY_UISupportedInterfaceOrientations_iPad = "UIInterfaceOrientationPortrait UIInterfaceOrientationPortraitUpsideDown UIInterfaceOrientationLandscapeLeft UIInterfaceOrientationLandscapeRight";
				INFOPLIST_KEY_UISupportedInterfaceOrientations_iPhone = "UIInterfaceOrientationPortrait UIInterfaceOrientationLandscapeLeft UIInterfaceOrientationLandscapeRight";
				IPHONEOS_DEPLOYMENT_TARGET = 16.0;
				LD_RUNPATH_SEARCH_PATHS = (
					"$(inherited)",
					"@executable_path/Frameworks",
				);
				MARKETING_VERSION = 1.0;
				PRODUCT_BUNDLE_IDENTIFIER = com.meliharik.SpotifyClone;
				PRODUCT_NAME = "$(TARGET_NAME)";
				SWIFT_EMIT_LOC_STRINGS = YES;
				SWIFT_VERSION = 5.0;
				TARGETED_DEVICE_FAMILY = "1,2";
			};
			name = Debug;
		};
		DA7A093A293E772100F7C445 /* Release */ = {
			isa = XCBuildConfiguration;
			baseConfigurationReference = 2D007AFED1938BC297BF8EF0 /* Pods-SpotifyClone.release.xcconfig */;
			buildSettings = {
				ASSETCATALOG_COMPILER_APPICON_NAME = AppIcon;
				ASSETCATALOG_COMPILER_GLOBAL_ACCENT_COLOR_NAME = AccentColor;
				CODE_SIGN_STYLE = Automatic;
				CURRENT_PROJECT_VERSION = 1;
				DEVELOPMENT_TEAM = MZ62Z7N7ZJ;
				GENERATE_INFOPLIST_FILE = YES;
				INFOPLIST_FILE = SpotifyClone/Info.plist;
				INFOPLIST_KEY_UIApplicationSupportsIndirectInputEvents = YES;
				INFOPLIST_KEY_UILaunchStoryboardName = LaunchScreen;
				INFOPLIST_KEY_UISupportedInterfaceOrientations_iPad = "UIInterfaceOrientationPortrait UIInterfaceOrientationPortraitUpsideDown UIInterfaceOrientationLandscapeLeft UIInterfaceOrientationLandscapeRight";
				INFOPLIST_KEY_UISupportedInterfaceOrientations_iPhone = "UIInterfaceOrientationPortrait UIInterfaceOrientationLandscapeLeft UIInterfaceOrientationLandscapeRight";
				IPHONEOS_DEPLOYMENT_TARGET = 16.0;
				LD_RUNPATH_SEARCH_PATHS = (
					"$(inherited)",
					"@executable_path/Frameworks",
				);
				MARKETING_VERSION = 1.0;
				PRODUCT_BUNDLE_IDENTIFIER = com.meliharik.SpotifyClone;
				PRODUCT_NAME = "$(TARGET_NAME)";
				SWIFT_EMIT_LOC_STRINGS = YES;
				SWIFT_VERSION = 5.0;
				TARGETED_DEVICE_FAMILY = "1,2";
			};
			name = Release;
		};
/* End XCBuildConfiguration section */

/* Begin XCConfigurationList section */
		DA7A091F293E772000F7C445 /* Build configuration list for PBXProject "SpotifyClone" */ = {
			isa = XCConfigurationList;
			buildConfigurations = (
				DA7A0936293E772100F7C445 /* Debug */,
				DA7A0937293E772100F7C445 /* Release */,
			);
			defaultConfigurationIsVisible = 0;
			defaultConfigurationName = Release;
		};
		DA7A0938293E772100F7C445 /* Build configuration list for PBXNativeTarget "SpotifyClone" */ = {
			isa = XCConfigurationList;
			buildConfigurations = (
				DA7A0939293E772100F7C445 /* Debug */,
				DA7A093A293E772100F7C445 /* Release */,
			);
			defaultConfigurationIsVisible = 0;
			defaultConfigurationName = Release;
		};
/* End XCConfigurationList section */
	};
	rootObject = DA7A091C293E772000F7C445 /* Project object */;
}
